
Microsoft Visual Studio Solution File, Format Version 12.00
# Visual Studio Version 17
VisualStudioVersion = 17.12.35728.132
MinimumVisualStudioVersion = 10.0.40219.1
Project("{2150E333-8FDC-42A3-9474-1A3956D46DE8}") = "src", "src", "{214260A2-37BA-42C8-8F5A-78577F752E5A}"
EndProject
Project("{2150E333-8FDC-42A3-9474-1A3956D46DE8}") = "solution-items", "solution-items", "{36D9F49D-529E-4EA6-872E-4EB6C5B59EB1}"
	ProjectSection(SolutionItems) = preProject
		.editorconfig = .editorconfig
		.gitignore = .gitignore
		Directory.Build.props = Directory.Build.props
	EndProjectSection
EndProject
Project("{FAE04EC0-301F-11D3-BF4B-00C04F79EFBC}") = "Sergin.HeadEnd.Domain", "src\Modules\HeadEnd\Sergin.HeadEnd.Domain\Sergin.HeadEnd.Domain.csproj", "{007BCF5F-5ECD-44F7-9AAB-9C498C0A345E}"
EndProject
Project("{2150E333-8FDC-42A3-9474-1A3956D46DE8}") = "SharedKernel", "SharedKernel", "{DB73C8E5-8AD9-41FA-B24D-59CFC19622C0}"
EndProject
Project("{FAE04EC0-301F-11D3-BF4B-00C04F79EFBC}") = "Sergin.SharedKernel.Infrastructure", "src\SharedKernel\Sergin.SharedKernel.Infrastructure\Sergin.SharedKernel.Infrastructure.csproj", "{D3EEE167-6733-480A-B0C9-6A54B8A3625E}"
EndProject
Project("{2150E333-8FDC-42A3-9474-1A3956D46DE8}") = "HeadEnd", "HeadEnd", "{76CD4B4E-F0B6-4479-8040-19EC3B5F5CA5}"
EndProject
Project("{FAE04EC0-301F-11D3-BF4B-00C04F79EFBC}") = "Sergin.HeadEnd.Infrastructure", "src\Modules\HeadEnd\Sergin.HeadEnd.Infrastructure\Sergin.HeadEnd.Infrastructure.csproj", "{ABF339C9-F7A0-4E0A-844C-4BFC470E7079}"
EndProject
Project("{FAE04EC0-301F-11D3-BF4B-00C04F79EFBC}") = "Sergin.SharedKernel.Application", "src\SharedKernel\Sergin.SharedKernel.Application\Sergin.SharedKernel.Application.csproj", "{9093200F-48AC-46A8-8BAB-DBF498B750AE}"
EndProject
Project("{FAE04EC0-301F-11D3-BF4B-00C04F79EFBC}") = "Sergin.SharedKernel.Domain", "src\SharedKernel\Sergin.SharedKernel.Domain\Sergin.SharedKernel.Domain.csproj", "{B98409FA-B0DD-472D-BA7A-00E5AC03A878}"
EndProject
Project("{2150E333-8FDC-42A3-9474-1A3956D46DE8}") = "Infrastracture", "Infrastracture", "{8DA42311-C2FD-4E5C-A983-B0CB28BD9387}"
EndProject
Project("{FAE04EC0-301F-11D3-BF4B-00C04F79EFBC}") = "Sergin.HeadEnd.Application", "src\Modules\HeadEnd\Sergin.HeadEnd.Application\Sergin.HeadEnd.Application.csproj", "{C935AE49-2F5D-412F-ABAA-87300268920A}"
EndProject
Project("{FAE04EC0-301F-11D3-BF4B-00C04F79EFBC}") = "Sergin.HeadEnd.Infrastructure.Data", "src\Modules\HeadEnd\Sergin.HeadEnd.Infrastructure.Data\Sergin.HeadEnd.Infrastructure.Data.csproj", "{926F8DCC-169E-44A3-BBAA-613B32109C3B}"
EndProject
Project("{2150E333-8FDC-42A3-9474-1A3956D46DE8}") = "Modules", "Modules", "{1B329C4A-4512-4AB9-9269-0C6877723AA6}"
EndProject
Project("{E53339B2-1760-4266-BCC7-CA923CBCF16C}") = "docker-compose", "docker-compose\docker-compose.dcproj", "{B7B8057B-E35C-4793-8E01-2E9E481765E7}"
EndProject
Project("{FAE04EC0-301F-11D3-BF4B-00C04F79EFBC}") = "Sergin.Hosts.All", "src\Hosts\Sergin.Hosts.All\Sergin.Hosts.All.csproj", "{F78D3679-9DEB-430D-AB70-7212211B795F}"
EndProject
Project("{FAE04EC0-301F-11D3-BF4B-00C04F79EFBC}") = "Sergin.HeadEnd", "src\Modules\HeadEnd\Sergin.HeadEnd\Sergin.HeadEnd.csproj", "{4D57ADA7-1BF5-4682-9481-5863F9335908}"
EndProject
Project("{FAE04EC0-301F-11D3-BF4B-00C04F79EFBC}") = "Sergin.SharedKernel.Infrastructure.Data.EFCore", "src\SharedKernel\Sergin.SharedKernel.Infrastructure.Data.EFCore\Sergin.SharedKernel.Infrastructure.Data.EFCore.csproj", "{2674240E-9D54-804A-BA94-08971C058A8B}"
EndProject
Project("{FAE04EC0-301F-11D3-BF4B-00C04F79EFBC}") = "Sergin.HeadEnd.Presentation", "src\Modules\HeadEnd\Sergin.HeadEnd.Presentation\Sergin.HeadEnd.Presentation.csproj", "{C11D3433-AEDD-4511-AE08-F5A1BF0EE889}"
EndProject
Project("{FAE04EC0-301F-11D3-BF4B-00C04F79EFBC}") = "Sergin.SharedKernel.Infrastracture.Data", "src\SharedKernel\Sergin.SharedKernel.Infrastracture.Data\Sergin.SharedKernel.Infrastracture.Data.csproj", "{8A3D6388-B666-4E1F-A1D7-EEE8A5247DCB}"
EndProject
Project("{2150E333-8FDC-42A3-9474-1A3956D46DE8}") = "Hosts", "Hosts", "{02EA681E-C7D8-13C7-8484-4AC65E1B71E8}"
EndProject
Project("{FAE04EC0-301F-11D3-BF4B-00C04F79EFBC}") = "Sergin.Hosts.Shared", "src\Hosts\Sergin.Hosts.Shared\Sergin.Hosts.Shared.csproj", "{4DA77BF7-0FC0-4887-9373-27D61E5BF7BA}"
EndProject
Project("{FAE04EC0-301F-11D3-BF4B-00C04F79EFBC}") = "Sergin.SharedKernel.Presentation", "src\SharedKernel\Sergin.SharedKernel.Presentation\Sergin.SharedKernel.Presentation.csproj", "{AA317B94-D1D4-4D0D-AD0F-7A8053D307E4}"
EndProject
Project("{2150E333-8FDC-42A3-9474-1A3956D46DE8}") = "Presentation", "Presentation", "{229DC3FE-8FC9-4E10-9C71-A282BA0B8F34}"
EndProject
Project("{FAE04EC0-301F-11D3-BF4B-00C04F79EFBC}") = "Sergin.SharedKernel.Presentation.WebApi", "src\SharedKernel\Sergin.SharedKernel.Presentation.WebApi\Sergin.SharedKernel.Presentation.WebApi.csproj", "{C9673AC8-B45F-4F87-9B29-EFE21497D035}"
EndProject
Project("{FAE04EC0-301F-11D3-BF4B-00C04F79EFBC}") = "Sergin.SharedKernel.Infrastracture.WebApi", "src\SharedKernel\Sergin.SharedKernel.Infrastracture.WebApi\Sergin.SharedKernel.Infrastracture.WebApi.csproj", "{62206144-732B-4473-ACF1-441EF176503F}"
EndProject
Global
	GlobalSection(SolutionConfigurationPlatforms) = preSolution
		Debug|Any CPU = Debug|Any CPU
		Debug|x64 = Debug|x64
		Debug|x86 = Debug|x86
		Release|Any CPU = Release|Any CPU
		Release|x64 = Release|x64
		Release|x86 = Release|x86
	EndGlobalSection
	GlobalSection(ProjectConfigurationPlatforms) = postSolution
		{007BCF5F-5ECD-44F7-9AAB-9C498C0A345E}.Debug|Any CPU.ActiveCfg = Debug|Any CPU
		{007BCF5F-5ECD-44F7-9AAB-9C498C0A345E}.Debug|Any CPU.Build.0 = Debug|Any CPU
		{007BCF5F-5ECD-44F7-9AAB-9C498C0A345E}.Debug|x64.ActiveCfg = Debug|Any CPU
		{007BCF5F-5ECD-44F7-9AAB-9C498C0A345E}.Debug|x64.Build.0 = Debug|Any CPU
		{007BCF5F-5ECD-44F7-9AAB-9C498C0A345E}.Debug|x86.ActiveCfg = Debug|Any CPU
		{007BCF5F-5ECD-44F7-9AAB-9C498C0A345E}.Debug|x86.Build.0 = Debug|Any CPU
		{007BCF5F-5ECD-44F7-9AAB-9C498C0A345E}.Release|Any CPU.ActiveCfg = Release|Any CPU
		{007BCF5F-5ECD-44F7-9AAB-9C498C0A345E}.Release|Any CPU.Build.0 = Release|Any CPU
		{007BCF5F-5ECD-44F7-9AAB-9C498C0A345E}.Release|x64.ActiveCfg = Release|Any CPU
		{007BCF5F-5ECD-44F7-9AAB-9C498C0A345E}.Release|x64.Build.0 = Release|Any CPU
		{007BCF5F-5ECD-44F7-9AAB-9C498C0A345E}.Release|x86.ActiveCfg = Release|Any CPU
		{007BCF5F-5ECD-44F7-9AAB-9C498C0A345E}.Release|x86.Build.0 = Release|Any CPU
		{D3EEE167-6733-480A-B0C9-6A54B8A3625E}.Debug|Any CPU.ActiveCfg = Debug|Any CPU
		{D3EEE167-6733-480A-B0C9-6A54B8A3625E}.Debug|Any CPU.Build.0 = Debug|Any CPU
		{D3EEE167-6733-480A-B0C9-6A54B8A3625E}.Debug|x64.ActiveCfg = Debug|Any CPU
		{D3EEE167-6733-480A-B0C9-6A54B8A3625E}.Debug|x64.Build.0 = Debug|Any CPU
		{D3EEE167-6733-480A-B0C9-6A54B8A3625E}.Debug|x86.ActiveCfg = Debug|Any CPU
		{D3EEE167-6733-480A-B0C9-6A54B8A3625E}.Debug|x86.Build.0 = Debug|Any CPU
		{D3EEE167-6733-480A-B0C9-6A54B8A3625E}.Release|Any CPU.ActiveCfg = Release|Any CPU
		{D3EEE167-6733-480A-B0C9-6A54B8A3625E}.Release|Any CPU.Build.0 = Release|Any CPU
		{D3EEE167-6733-480A-B0C9-6A54B8A3625E}.Release|x64.ActiveCfg = Release|Any CPU
		{D3EEE167-6733-480A-B0C9-6A54B8A3625E}.Release|x64.Build.0 = Release|Any CPU
		{D3EEE167-6733-480A-B0C9-6A54B8A3625E}.Release|x86.ActiveCfg = Release|Any CPU
		{D3EEE167-6733-480A-B0C9-6A54B8A3625E}.Release|x86.Build.0 = Release|Any CPU
		{ABF339C9-F7A0-4E0A-844C-4BFC470E7079}.Debug|Any CPU.ActiveCfg = Debug|Any CPU
		{ABF339C9-F7A0-4E0A-844C-4BFC470E7079}.Debug|Any CPU.Build.0 = Debug|Any CPU
		{ABF339C9-F7A0-4E0A-844C-4BFC470E7079}.Debug|x64.ActiveCfg = Debug|Any CPU
		{ABF339C9-F7A0-4E0A-844C-4BFC470E7079}.Debug|x64.Build.0 = Debug|Any CPU
		{ABF339C9-F7A0-4E0A-844C-4BFC470E7079}.Debug|x86.ActiveCfg = Debug|Any CPU
		{ABF339C9-F7A0-4E0A-844C-4BFC470E7079}.Debug|x86.Build.0 = Debug|Any CPU
		{ABF339C9-F7A0-4E0A-844C-4BFC470E7079}.Release|Any CPU.ActiveCfg = Release|Any CPU
		{ABF339C9-F7A0-4E0A-844C-4BFC470E7079}.Release|Any CPU.Build.0 = Release|Any CPU
		{ABF339C9-F7A0-4E0A-844C-4BFC470E7079}.Release|x64.ActiveCfg = Release|Any CPU
		{ABF339C9-F7A0-4E0A-844C-4BFC470E7079}.Release|x64.Build.0 = Release|Any CPU
		{ABF339C9-F7A0-4E0A-844C-4BFC470E7079}.Release|x86.ActiveCfg = Release|Any CPU
		{ABF339C9-F7A0-4E0A-844C-4BFC470E7079}.Release|x86.Build.0 = Release|Any CPU
		{9093200F-48AC-46A8-8BAB-DBF498B750AE}.Debug|Any CPU.ActiveCfg = Debug|Any CPU
		{9093200F-48AC-46A8-8BAB-DBF498B750AE}.Debug|Any CPU.Build.0 = Debug|Any CPU
		{9093200F-48AC-46A8-8BAB-DBF498B750AE}.Debug|x64.ActiveCfg = Debug|Any CPU
		{9093200F-48AC-46A8-8BAB-DBF498B750AE}.Debug|x64.Build.0 = Debug|Any CPU
		{9093200F-48AC-46A8-8BAB-DBF498B750AE}.Debug|x86.ActiveCfg = Debug|Any CPU
		{9093200F-48AC-46A8-8BAB-DBF498B750AE}.Debug|x86.Build.0 = Debug|Any CPU
		{9093200F-48AC-46A8-8BAB-DBF498B750AE}.Release|Any CPU.ActiveCfg = Release|Any CPU
		{9093200F-48AC-46A8-8BAB-DBF498B750AE}.Release|Any CPU.Build.0 = Release|Any CPU
		{9093200F-48AC-46A8-8BAB-DBF498B750AE}.Release|x64.ActiveCfg = Release|Any CPU
		{9093200F-48AC-46A8-8BAB-DBF498B750AE}.Release|x64.Build.0 = Release|Any CPU
		{9093200F-48AC-46A8-8BAB-DBF498B750AE}.Release|x86.ActiveCfg = Release|Any CPU
		{9093200F-48AC-46A8-8BAB-DBF498B750AE}.Release|x86.Build.0 = Release|Any CPU
		{B98409FA-B0DD-472D-BA7A-00E5AC03A878}.Debug|Any CPU.ActiveCfg = Debug|Any CPU
		{B98409FA-B0DD-472D-BA7A-00E5AC03A878}.Debug|Any CPU.Build.0 = Debug|Any CPU
		{B98409FA-B0DD-472D-BA7A-00E5AC03A878}.Debug|x64.ActiveCfg = Debug|Any CPU
		{B98409FA-B0DD-472D-BA7A-00E5AC03A878}.Debug|x64.Build.0 = Debug|Any CPU
		{B98409FA-B0DD-472D-BA7A-00E5AC03A878}.Debug|x86.ActiveCfg = Debug|Any CPU
		{B98409FA-B0DD-472D-BA7A-00E5AC03A878}.Debug|x86.Build.0 = Debug|Any CPU
		{B98409FA-B0DD-472D-BA7A-00E5AC03A878}.Release|Any CPU.ActiveCfg = Release|Any CPU
		{B98409FA-B0DD-472D-BA7A-00E5AC03A878}.Release|Any CPU.Build.0 = Release|Any CPU
		{B98409FA-B0DD-472D-BA7A-00E5AC03A878}.Release|x64.ActiveCfg = Release|Any CPU
		{B98409FA-B0DD-472D-BA7A-00E5AC03A878}.Release|x64.Build.0 = Release|Any CPU
		{B98409FA-B0DD-472D-BA7A-00E5AC03A878}.Release|x86.ActiveCfg = Release|Any CPU
		{B98409FA-B0DD-472D-BA7A-00E5AC03A878}.Release|x86.Build.0 = Release|Any CPU
		{C935AE49-2F5D-412F-ABAA-87300268920A}.Debug|Any CPU.ActiveCfg = Debug|Any CPU
		{C935AE49-2F5D-412F-ABAA-87300268920A}.Debug|Any CPU.Build.0 = Debug|Any CPU
		{C935AE49-2F5D-412F-ABAA-87300268920A}.Debug|x64.ActiveCfg = Debug|Any CPU
		{C935AE49-2F5D-412F-ABAA-87300268920A}.Debug|x64.Build.0 = Debug|Any CPU
		{C935AE49-2F5D-412F-ABAA-87300268920A}.Debug|x86.ActiveCfg = Debug|Any CPU
		{C935AE49-2F5D-412F-ABAA-87300268920A}.Debug|x86.Build.0 = Debug|Any CPU
		{C935AE49-2F5D-412F-ABAA-87300268920A}.Release|Any CPU.ActiveCfg = Release|Any CPU
		{C935AE49-2F5D-412F-ABAA-87300268920A}.Release|Any CPU.Build.0 = Release|Any CPU
		{C935AE49-2F5D-412F-ABAA-87300268920A}.Release|x64.ActiveCfg = Release|Any CPU
		{C935AE49-2F5D-412F-ABAA-87300268920A}.Release|x64.Build.0 = Release|Any CPU
		{C935AE49-2F5D-412F-ABAA-87300268920A}.Release|x86.ActiveCfg = Release|Any CPU
		{C935AE49-2F5D-412F-ABAA-87300268920A}.Release|x86.Build.0 = Release|Any CPU
		{926F8DCC-169E-44A3-BBAA-613B32109C3B}.Debug|Any CPU.ActiveCfg = Debug|Any CPU
		{926F8DCC-169E-44A3-BBAA-613B32109C3B}.Debug|Any CPU.Build.0 = Debug|Any CPU
		{926F8DCC-169E-44A3-BBAA-613B32109C3B}.Debug|x64.ActiveCfg = Debug|Any CPU
		{926F8DCC-169E-44A3-BBAA-613B32109C3B}.Debug|x64.Build.0 = Debug|Any CPU
		{926F8DCC-169E-44A3-BBAA-613B32109C3B}.Debug|x86.ActiveCfg = Debug|Any CPU
		{926F8DCC-169E-44A3-BBAA-613B32109C3B}.Debug|x86.Build.0 = Debug|Any CPU
		{926F8DCC-169E-44A3-BBAA-613B32109C3B}.Release|Any CPU.ActiveCfg = Release|Any CPU
		{926F8DCC-169E-44A3-BBAA-613B32109C3B}.Release|Any CPU.Build.0 = Release|Any CPU
		{926F8DCC-169E-44A3-BBAA-613B32109C3B}.Release|x64.ActiveCfg = Release|Any CPU
		{926F8DCC-169E-44A3-BBAA-613B32109C3B}.Release|x64.Build.0 = Release|Any CPU
		{926F8DCC-169E-44A3-BBAA-613B32109C3B}.Release|x86.ActiveCfg = Release|Any CPU
		{926F8DCC-169E-44A3-BBAA-613B32109C3B}.Release|x86.Build.0 = Release|Any CPU
		{B7B8057B-E35C-4793-8E01-2E9E481765E7}.Debug|Any CPU.ActiveCfg = Debug|Any CPU
		{B7B8057B-E35C-4793-8E01-2E9E481765E7}.Debug|Any CPU.Build.0 = Debug|Any CPU
		{B7B8057B-E35C-4793-8E01-2E9E481765E7}.Debug|x64.ActiveCfg = Debug|Any CPU
		{B7B8057B-E35C-4793-8E01-2E9E481765E7}.Debug|x86.ActiveCfg = Debug|Any CPU
		{B7B8057B-E35C-4793-8E01-2E9E481765E7}.Release|Any CPU.ActiveCfg = Release|Any CPU
		{B7B8057B-E35C-4793-8E01-2E9E481765E7}.Release|x64.ActiveCfg = Release|Any CPU
		{B7B8057B-E35C-4793-8E01-2E9E481765E7}.Release|x86.ActiveCfg = Release|Any CPU
		{F78D3679-9DEB-430D-AB70-7212211B795F}.Debug|Any CPU.ActiveCfg = Debug|Any CPU
		{F78D3679-9DEB-430D-AB70-7212211B795F}.Debug|Any CPU.Build.0 = Debug|Any CPU
		{F78D3679-9DEB-430D-AB70-7212211B795F}.Debug|x64.ActiveCfg = Debug|Any CPU
		{F78D3679-9DEB-430D-AB70-7212211B795F}.Debug|x64.Build.0 = Debug|Any CPU
		{F78D3679-9DEB-430D-AB70-7212211B795F}.Debug|x86.ActiveCfg = Debug|Any CPU
		{F78D3679-9DEB-430D-AB70-7212211B795F}.Debug|x86.Build.0 = Debug|Any CPU
		{F78D3679-9DEB-430D-AB70-7212211B795F}.Release|Any CPU.ActiveCfg = Release|Any CPU
		{F78D3679-9DEB-430D-AB70-7212211B795F}.Release|Any CPU.Build.0 = Release|Any CPU
		{F78D3679-9DEB-430D-AB70-7212211B795F}.Release|x64.ActiveCfg = Release|Any CPU
		{F78D3679-9DEB-430D-AB70-7212211B795F}.Release|x64.Build.0 = Release|Any CPU
		{F78D3679-9DEB-430D-AB70-7212211B795F}.Release|x86.ActiveCfg = Release|Any CPU
		{F78D3679-9DEB-430D-AB70-7212211B795F}.Release|x86.Build.0 = Release|Any CPU
		{4D57ADA7-1BF5-4682-9481-5863F9335908}.Debug|Any CPU.ActiveCfg = Debug|Any CPU
		{4D57ADA7-1BF5-4682-9481-5863F9335908}.Debug|Any CPU.Build.0 = Debug|Any CPU
		{4D57ADA7-1BF5-4682-9481-5863F9335908}.Debug|x64.ActiveCfg = Debug|Any CPU
		{4D57ADA7-1BF5-4682-9481-5863F9335908}.Debug|x64.Build.0 = Debug|Any CPU
		{4D57ADA7-1BF5-4682-9481-5863F9335908}.Debug|x86.ActiveCfg = Debug|Any CPU
		{4D57ADA7-1BF5-4682-9481-5863F9335908}.Debug|x86.Build.0 = Debug|Any CPU
		{4D57ADA7-1BF5-4682-9481-5863F9335908}.Release|Any CPU.ActiveCfg = Release|Any CPU
		{4D57ADA7-1BF5-4682-9481-5863F9335908}.Release|Any CPU.Build.0 = Release|Any CPU
		{4D57ADA7-1BF5-4682-9481-5863F9335908}.Release|x64.ActiveCfg = Release|Any CPU
		{4D57ADA7-1BF5-4682-9481-5863F9335908}.Release|x64.Build.0 = Release|Any CPU
		{4D57ADA7-1BF5-4682-9481-5863F9335908}.Release|x86.ActiveCfg = Release|Any CPU
		{4D57ADA7-1BF5-4682-9481-5863F9335908}.Release|x86.Build.0 = Release|Any CPU
		{2674240E-9D54-804A-BA94-08971C058A8B}.Debug|Any CPU.ActiveCfg = Debug|Any CPU
		{2674240E-9D54-804A-BA94-08971C058A8B}.Debug|Any CPU.Build.0 = Debug|Any CPU
		{2674240E-9D54-804A-BA94-08971C058A8B}.Debug|x64.ActiveCfg = Debug|Any CPU
		{2674240E-9D54-804A-BA94-08971C058A8B}.Debug|x64.Build.0 = Debug|Any CPU
		{2674240E-9D54-804A-BA94-08971C058A8B}.Debug|x86.ActiveCfg = Debug|Any CPU
		{2674240E-9D54-804A-BA94-08971C058A8B}.Debug|x86.Build.0 = Debug|Any CPU
		{2674240E-9D54-804A-BA94-08971C058A8B}.Release|Any CPU.ActiveCfg = Release|Any CPU
		{2674240E-9D54-804A-BA94-08971C058A8B}.Release|Any CPU.Build.0 = Release|Any CPU
		{2674240E-9D54-804A-BA94-08971C058A8B}.Release|x64.ActiveCfg = Release|Any CPU
		{2674240E-9D54-804A-BA94-08971C058A8B}.Release|x64.Build.0 = Release|Any CPU
		{2674240E-9D54-804A-BA94-08971C058A8B}.Release|x86.ActiveCfg = Release|Any CPU
		{2674240E-9D54-804A-BA94-08971C058A8B}.Release|x86.Build.0 = Release|Any CPU
		{C11D3433-AEDD-4511-AE08-F5A1BF0EE889}.Debug|Any CPU.ActiveCfg = Debug|Any CPU
		{C11D3433-AEDD-4511-AE08-F5A1BF0EE889}.Debug|Any CPU.Build.0 = Debug|Any CPU
		{C11D3433-AEDD-4511-AE08-F5A1BF0EE889}.Debug|x64.ActiveCfg = Debug|Any CPU
		{C11D3433-AEDD-4511-AE08-F5A1BF0EE889}.Debug|x64.Build.0 = Debug|Any CPU
		{C11D3433-AEDD-4511-AE08-F5A1BF0EE889}.Debug|x86.ActiveCfg = Debug|Any CPU
		{C11D3433-AEDD-4511-AE08-F5A1BF0EE889}.Debug|x86.Build.0 = Debug|Any CPU
		{C11D3433-AEDD-4511-AE08-F5A1BF0EE889}.Release|Any CPU.ActiveCfg = Release|Any CPU
		{C11D3433-AEDD-4511-AE08-F5A1BF0EE889}.Release|Any CPU.Build.0 = Release|Any CPU
		{C11D3433-AEDD-4511-AE08-F5A1BF0EE889}.Release|x64.ActiveCfg = Release|Any CPU
		{C11D3433-AEDD-4511-AE08-F5A1BF0EE889}.Release|x64.Build.0 = Release|Any CPU
		{C11D3433-AEDD-4511-AE08-F5A1BF0EE889}.Release|x86.ActiveCfg = Release|Any CPU
		{C11D3433-AEDD-4511-AE08-F5A1BF0EE889}.Release|x86.Build.0 = Release|Any CPU
		{8A3D6388-B666-4E1F-A1D7-EEE8A5247DCB}.Debug|Any CPU.ActiveCfg = Debug|Any CPU
		{8A3D6388-B666-4E1F-A1D7-EEE8A5247DCB}.Debug|Any CPU.Build.0 = Debug|Any CPU
		{8A3D6388-B666-4E1F-A1D7-EEE8A5247DCB}.Debug|x64.ActiveCfg = Debug|Any CPU
		{8A3D6388-B666-4E1F-A1D7-EEE8A5247DCB}.Debug|x64.Build.0 = Debug|Any CPU
		{8A3D6388-B666-4E1F-A1D7-EEE8A5247DCB}.Debug|x86.ActiveCfg = Debug|Any CPU
		{8A3D6388-B666-4E1F-A1D7-EEE8A5247DCB}.Debug|x86.Build.0 = Debug|Any CPU
		{8A3D6388-B666-4E1F-A1D7-EEE8A5247DCB}.Release|Any CPU.ActiveCfg = Release|Any CPU
		{8A3D6388-B666-4E1F-A1D7-EEE8A5247DCB}.Release|Any CPU.Build.0 = Release|Any CPU
		{8A3D6388-B666-4E1F-A1D7-EEE8A5247DCB}.Release|x64.ActiveCfg = Release|Any CPU
		{8A3D6388-B666-4E1F-A1D7-EEE8A5247DCB}.Release|x64.Build.0 = Release|Any CPU
		{8A3D6388-B666-4E1F-A1D7-EEE8A5247DCB}.Release|x86.ActiveCfg = Release|Any CPU
		{8A3D6388-B666-4E1F-A1D7-EEE8A5247DCB}.Release|x86.Build.0 = Release|Any CPU
		{4DA77BF7-0FC0-4887-9373-27D61E5BF7BA}.Debug|Any CPU.ActiveCfg = Debug|Any CPU
		{4DA77BF7-0FC0-4887-9373-27D61E5BF7BA}.Debug|Any CPU.Build.0 = Debug|Any CPU
		{4DA77BF7-0FC0-4887-9373-27D61E5BF7BA}.Debug|x64.ActiveCfg = Debug|Any CPU
		{4DA77BF7-0FC0-4887-9373-27D61E5BF7BA}.Debug|x64.Build.0 = Debug|Any CPU
		{4DA77BF7-0FC0-4887-9373-27D61E5BF7BA}.Debug|x86.ActiveCfg = Debug|Any CPU
		{4DA77BF7-0FC0-4887-9373-27D61E5BF7BA}.Debug|x86.Build.0 = Debug|Any CPU
		{4DA77BF7-0FC0-4887-9373-27D61E5BF7BA}.Release|Any CPU.ActiveCfg = Release|Any CPU
		{4DA77BF7-0FC0-4887-9373-27D61E5BF7BA}.Release|Any CPU.Build.0 = Release|Any CPU
		{4DA77BF7-0FC0-4887-9373-27D61E5BF7BA}.Release|x64.ActiveCfg = Release|Any CPU
		{4DA77BF7-0FC0-4887-9373-27D61E5BF7BA}.Release|x64.Build.0 = Release|Any CPU
		{4DA77BF7-0FC0-4887-9373-27D61E5BF7BA}.Release|x86.ActiveCfg = Release|Any CPU
		{4DA77BF7-0FC0-4887-9373-27D61E5BF7BA}.Release|x86.Build.0 = Release|Any CPU
		{AA317B94-D1D4-4D0D-AD0F-7A8053D307E4}.Debug|Any CPU.ActiveCfg = Debug|Any CPU
		{AA317B94-D1D4-4D0D-AD0F-7A8053D307E4}.Debug|Any CPU.Build.0 = Debug|Any CPU
		{AA317B94-D1D4-4D0D-AD0F-7A8053D307E4}.Debug|x64.ActiveCfg = Debug|Any CPU
		{AA317B94-D1D4-4D0D-AD0F-7A8053D307E4}.Debug|x64.Build.0 = Debug|Any CPU
		{AA317B94-D1D4-4D0D-AD0F-7A8053D307E4}.Debug|x86.ActiveCfg = Debug|Any CPU
		{AA317B94-D1D4-4D0D-AD0F-7A8053D307E4}.Debug|x86.Build.0 = Debug|Any CPU
		{AA317B94-D1D4-4D0D-AD0F-7A8053D307E4}.Release|Any CPU.ActiveCfg = Release|Any CPU
		{AA317B94-D1D4-4D0D-AD0F-7A8053D307E4}.Release|Any CPU.Build.0 = Release|Any CPU
		{AA317B94-D1D4-4D0D-AD0F-7A8053D307E4}.Release|x64.ActiveCfg = Release|Any CPU
		{AA317B94-D1D4-4D0D-AD0F-7A8053D307E4}.Release|x64.Build.0 = Release|Any CPU
		{AA317B94-D1D4-4D0D-AD0F-7A8053D307E4}.Release|x86.ActiveCfg = Release|Any CPU
		{AA317B94-D1D4-4D0D-AD0F-7A8053D307E4}.Release|x86.Build.0 = Release|Any CPU
		{C9673AC8-B45F-4F87-9B29-EFE21497D035}.Debug|Any CPU.ActiveCfg = Debug|Any CPU
		{C9673AC8-B45F-4F87-9B29-EFE21497D035}.Debug|Any CPU.Build.0 = Debug|Any CPU
		{C9673AC8-B45F-4F87-9B29-EFE21497D035}.Debug|x64.ActiveCfg = Debug|Any CPU
		{C9673AC8-B45F-4F87-9B29-EFE21497D035}.Debug|x64.Build.0 = Debug|Any CPU
		{C9673AC8-B45F-4F87-9B29-EFE21497D035}.Debug|x86.ActiveCfg = Debug|Any CPU
		{C9673AC8-B45F-4F87-9B29-EFE21497D035}.Debug|x86.Build.0 = Debug|Any CPU
		{C9673AC8-B45F-4F87-9B29-EFE21497D035}.Release|Any CPU.ActiveCfg = Release|Any CPU
		{C9673AC8-B45F-4F87-9B29-EFE21497D035}.Release|Any CPU.Build.0 = Release|Any CPU
		{C9673AC8-B45F-4F87-9B29-EFE21497D035}.Release|x64.ActiveCfg = Release|Any CPU
		{C9673AC8-B45F-4F87-9B29-EFE21497D035}.Release|x64.Build.0 = Release|Any CPU
		{C9673AC8-B45F-4F87-9B29-EFE21497D035}.Release|x86.ActiveCfg = Release|Any CPU
		{C9673AC8-B45F-4F87-9B29-EFE21497D035}.Release|x86.Build.0 = Release|Any CPU
		{62206144-732B-4473-ACF1-441EF176503F}.Debug|Any CPU.ActiveCfg = Debug|Any CPU
		{62206144-732B-4473-ACF1-441EF176503F}.Debug|Any CPU.Build.0 = Debug|Any CPU
		{62206144-732B-4473-ACF1-441EF176503F}.Debug|x64.ActiveCfg = Debug|Any CPU
		{62206144-732B-4473-ACF1-441EF176503F}.Debug|x64.Build.0 = Debug|Any CPU
		{62206144-732B-4473-ACF1-441EF176503F}.Debug|x86.ActiveCfg = Debug|Any CPU
		{62206144-732B-4473-ACF1-441EF176503F}.Debug|x86.Build.0 = Debug|Any CPU
		{62206144-732B-4473-ACF1-441EF176503F}.Release|Any CPU.ActiveCfg = Release|Any CPU
		{62206144-732B-4473-ACF1-441EF176503F}.Release|Any CPU.Build.0 = Release|Any CPU
		{62206144-732B-4473-ACF1-441EF176503F}.Release|x64.ActiveCfg = Release|Any CPU
		{62206144-732B-4473-ACF1-441EF176503F}.Release|x64.Build.0 = Release|Any CPU
		{62206144-732B-4473-ACF1-441EF176503F}.Release|x86.ActiveCfg = Release|Any CPU
		{62206144-732B-4473-ACF1-441EF176503F}.Release|x86.Build.0 = Release|Any CPU
	EndGlobalSection
	GlobalSection(SolutionProperties) = preSolution
		HideSolutionNode = FALSE
	EndGlobalSection
	GlobalSection(NestedProjects) = preSolution
		{007BCF5F-5ECD-44F7-9AAB-9C498C0A345E} = {76CD4B4E-F0B6-4479-8040-19EC3B5F5CA5}
		{DB73C8E5-8AD9-41FA-B24D-59CFC19622C0} = {214260A2-37BA-42C8-8F5A-78577F752E5A}
		{D3EEE167-6733-480A-B0C9-6A54B8A3625E} = {8DA42311-C2FD-4E5C-A983-B0CB28BD9387}
		{76CD4B4E-F0B6-4479-8040-19EC3B5F5CA5} = {1B329C4A-4512-4AB9-9269-0C6877723AA6}
		{ABF339C9-F7A0-4E0A-844C-4BFC470E7079} = {76CD4B4E-F0B6-4479-8040-19EC3B5F5CA5}
		{9093200F-48AC-46A8-8BAB-DBF498B750AE} = {DB73C8E5-8AD9-41FA-B24D-59CFC19622C0}
		{B98409FA-B0DD-472D-BA7A-00E5AC03A878} = {DB73C8E5-8AD9-41FA-B24D-59CFC19622C0}
		{8DA42311-C2FD-4E5C-A983-B0CB28BD9387} = {DB73C8E5-8AD9-41FA-B24D-59CFC19622C0}
		{C935AE49-2F5D-412F-ABAA-87300268920A} = {76CD4B4E-F0B6-4479-8040-19EC3B5F5CA5}
		{926F8DCC-169E-44A3-BBAA-613B32109C3B} = {76CD4B4E-F0B6-4479-8040-19EC3B5F5CA5}
		{1B329C4A-4512-4AB9-9269-0C6877723AA6} = {214260A2-37BA-42C8-8F5A-78577F752E5A}
		{F78D3679-9DEB-430D-AB70-7212211B795F} = {02EA681E-C7D8-13C7-8484-4AC65E1B71E8}
		{4D57ADA7-1BF5-4682-9481-5863F9335908} = {76CD4B4E-F0B6-4479-8040-19EC3B5F5CA5}
		{2674240E-9D54-804A-BA94-08971C058A8B} = {8DA42311-C2FD-4E5C-A983-B0CB28BD9387}
		{C11D3433-AEDD-4511-AE08-F5A1BF0EE889} = {76CD4B4E-F0B6-4479-8040-19EC3B5F5CA5}
		{8A3D6388-B666-4E1F-A1D7-EEE8A5247DCB} = {8DA42311-C2FD-4E5C-A983-B0CB28BD9387}
		{02EA681E-C7D8-13C7-8484-4AC65E1B71E8} = {214260A2-37BA-42C8-8F5A-78577F752E5A}
		{4DA77BF7-0FC0-4887-9373-27D61E5BF7BA} = {02EA681E-C7D8-13C7-8484-4AC65E1B71E8}
		{AA317B94-D1D4-4D0D-AD0F-7A8053D307E4} = {229DC3FE-8FC9-4E10-9C71-A282BA0B8F34}
		{229DC3FE-8FC9-4E10-9C71-A282BA0B8F34} = {DB73C8E5-8AD9-41FA-B24D-59CFC19622C0}
		{C9673AC8-B45F-4F87-9B29-EFE21497D035} = {229DC3FE-8FC9-4E10-9C71-A282BA0B8F34}
		{62206144-732B-4473-ACF1-441EF176503F} = {8DA42311-C2FD-4E5C-A983-B0CB28BD9387}
	EndGlobalSection
	GlobalSection(ExtensibilityGlobals) = postSolution
		SolutionGuid = {D23015E3-3D75-4DCD-A8E0-8CDACCADD8A2}
	EndGlobalSection
EndGlobal
